
Microsoft Visual Studio Solution File, Format Version 12.00
# Visual Studio Version 17
VisualStudioVersion = 17.5.002.0
MinimumVisualStudioVersion = 10.0.40219.1
Project("{9A19103F-16F7-4668-BE54-9A1E7A4F7556}") = "Smartphone-C#", "Smartphone-C#.csproj", "{95FF6C00-7CC0-4FA1-B896-16CDF38E60FD}"
EndProject
Global
	GlobalSection(SolutionConfigurationPlatforms) = preSolution
		Debug|Any CPU = Debug|Any CPU
		Release|Any CPU = Release|Any CPU
	EndGlobalSection
	GlobalSection(ProjectConfigurationPlatforms) = postSolution
		{95FF6C00-7CC0-4FA1-B896-16CDF38E60FD}.Debug|Any CPU.ActiveCfg = Debug|Any CPU
		{95FF6C00-7CC0-4FA1-B896-16CDF38E60FD}.Debug|Any CPU.Build.0 = Debug|Any CPU
		{95FF6C00-7CC0-4FA1-B896-16CDF38E60FD}.Release|Any CPU.ActiveCfg = Release|Any CPU
		{95FF6C00-7CC0-4FA1-B896-16CDF38E60FD}.Release|Any CPU.Build.0 = Release|Any CPU
	EndGlobalSection
	GlobalSection(SolutionProperties) = preSolution
		HideSolutionNode = FALSE
	EndGlobalSection
	GlobalSection(ExtensibilityGlobals) = postSolution
		SolutionGuid = {8D7B06AE-B11F-4831-956F-BAB64D95D8D1}
	EndGlobalSection
EndGlobal
